
Microsoft Visual Studio Solution File, Format Version 12.00
# Visual Studio 15
VisualStudioVersion = 15.0.26730.10
MinimumVisualStudioVersion = 10.0.40219.1
Project("{FAE04EC0-301F-11D3-BF4B-00C04F79EFBC}") = "ClientTest.Android", "ClientTest.Android\ClientTest.Android.csproj", "{C5F9B236-3EAC-41D5-A6AA-1BD5EC4400E5}"
EndProject
Project("{FAE04EC0-301F-11D3-BF4B-00C04F79EFBC}") = "ClientTest.Tests", "ClientTest.Tests\ClientTest.Tests.csproj", "{99F2B15F-3D3E-4AAC-8533-C234DBCADA75}"
EndProject
Project("{FAE04EC0-301F-11D3-BF4B-00C04F79EFBC}") = "Tests", "Tests\Tests.csproj", "{884FE165-1305-45C5-B79E-619133EF2191}"
EndProject
Project("{FAE04EC0-301F-11D3-BF4B-00C04F79EFBC}") = "Tests.Server", "Tests.Server\Tests.Server.csproj", "{26C43582-9D55-409A-ACBD-10B4AE0239EB}"
EndProject
Project("{FAE04EC0-301F-11D3-BF4B-00C04F79EFBC}") = "ClientTest.iOS", "ClientTest.iOS\ClientTest.iOS.csproj", "{8CB3594A-DF1A-4E2C-933E-7C8A991CD7CA}"
EndProject
Global
	GlobalSection(SolutionConfigurationPlatforms) = preSolution
		Debug|Any CPU = Debug|Any CPU
		Release|Any CPU = Release|Any CPU
		Debug|iPhoneSimulator = Debug|iPhoneSimulator
		Release|iPhone = Release|iPhone
		Release|iPhoneSimulator = Release|iPhoneSimulator
		Debug|iPhone = Debug|iPhone
	EndGlobalSection
	GlobalSection(ProjectConfigurationPlatforms) = postSolution
		{C5F9B236-3EAC-41D5-A6AA-1BD5EC4400E5}.Debug|Any CPU.ActiveCfg = Debug|Any CPU
		{C5F9B236-3EAC-41D5-A6AA-1BD5EC4400E5}.Debug|Any CPU.Build.0 = Debug|Any CPU
		{C5F9B236-3EAC-41D5-A6AA-1BD5EC4400E5}.Debug|Any CPU.Deploy.0 = Debug|Any CPU
		{C5F9B236-3EAC-41D5-A6AA-1BD5EC4400E5}.Release|Any CPU.ActiveCfg = Release|Any CPU
		{C5F9B236-3EAC-41D5-A6AA-1BD5EC4400E5}.Release|Any CPU.Build.0 = Release|Any CPU
		{C5F9B236-3EAC-41D5-A6AA-1BD5EC4400E5}.Release|Any CPU.Deploy.0 = Release|Any CPU
		{C5F9B236-3EAC-41D5-A6AA-1BD5EC4400E5}.Debug|iPhoneSimulator.ActiveCfg = Debug|Any CPU
		{C5F9B236-3EAC-41D5-A6AA-1BD5EC4400E5}.Debug|iPhoneSimulator.Build.0 = Debug|Any CPU
		{C5F9B236-3EAC-41D5-A6AA-1BD5EC4400E5}.Release|iPhone.ActiveCfg = Release|Any CPU
		{C5F9B236-3EAC-41D5-A6AA-1BD5EC4400E5}.Release|iPhone.Build.0 = Release|Any CPU
		{C5F9B236-3EAC-41D5-A6AA-1BD5EC4400E5}.Release|iPhoneSimulator.ActiveCfg = Release|Any CPU
		{C5F9B236-3EAC-41D5-A6AA-1BD5EC4400E5}.Release|iPhoneSimulator.Build.0 = Release|Any CPU
		{C5F9B236-3EAC-41D5-A6AA-1BD5EC4400E5}.Debug|iPhone.ActiveCfg = Debug|Any CPU
		{C5F9B236-3EAC-41D5-A6AA-1BD5EC4400E5}.Debug|iPhone.Build.0 = Debug|Any CPU
		{99F2B15F-3D3E-4AAC-8533-C234DBCADA75}.Debug|Any CPU.ActiveCfg = Debug|Any CPU
		{99F2B15F-3D3E-4AAC-8533-C234DBCADA75}.Debug|Any CPU.Build.0 = Debug|Any CPU
		{99F2B15F-3D3E-4AAC-8533-C234DBCADA75}.Release|Any CPU.ActiveCfg = Release|Any CPU
		{99F2B15F-3D3E-4AAC-8533-C234DBCADA75}.Release|Any CPU.Build.0 = Release|Any CPU
		{99F2B15F-3D3E-4AAC-8533-C234DBCADA75}.Debug|iPhoneSimulator.ActiveCfg = Debug|Any CPU
		{99F2B15F-3D3E-4AAC-8533-C234DBCADA75}.Debug|iPhoneSimulator.Build.0 = Debug|Any CPU
		{99F2B15F-3D3E-4AAC-8533-C234DBCADA75}.Release|iPhone.ActiveCfg = Release|Any CPU
		{99F2B15F-3D3E-4AAC-8533-C234DBCADA75}.Release|iPhone.Build.0 = Release|Any CPU
		{99F2B15F-3D3E-4AAC-8533-C234DBCADA75}.Release|iPhoneSimulator.ActiveCfg = Release|Any CPU
		{99F2B15F-3D3E-4AAC-8533-C234DBCADA75}.Release|iPhoneSimulator.Build.0 = Release|Any CPU
		{99F2B15F-3D3E-4AAC-8533-C234DBCADA75}.Debug|iPhone.ActiveCfg = Debug|Any CPU
		{99F2B15F-3D3E-4AAC-8533-C234DBCADA75}.Debug|iPhone.Build.0 = Debug|Any CPU
		{884FE165-1305-45C5-B79E-619133EF2191}.Debug|Any CPU.ActiveCfg = Debug|Any CPU
		{884FE165-1305-45C5-B79E-619133EF2191}.Debug|Any CPU.Build.0 = Debug|Any CPU
		{884FE165-1305-45C5-B79E-619133EF2191}.Release|Any CPU.ActiveCfg = Release|Any CPU
		{884FE165-1305-45C5-B79E-619133EF2191}.Release|Any CPU.Build.0 = Release|Any CPU
		{884FE165-1305-45C5-B79E-619133EF2191}.Debug|iPhoneSimulator.ActiveCfg = Debug|Any CPU
		{884FE165-1305-45C5-B79E-619133EF2191}.Debug|iPhoneSimulator.Build.0 = Debug|Any CPU
		{884FE165-1305-45C5-B79E-619133EF2191}.Release|iPhone.ActiveCfg = Release|Any CPU
		{884FE165-1305-45C5-B79E-619133EF2191}.Release|iPhone.Build.0 = Release|Any CPU
		{884FE165-1305-45C5-B79E-619133EF2191}.Release|iPhoneSimulator.ActiveCfg = Release|Any CPU
		{884FE165-1305-45C5-B79E-619133EF2191}.Release|iPhoneSimulator.Build.0 = Release|Any CPU
		{884FE165-1305-45C5-B79E-619133EF2191}.Debug|iPhone.ActiveCfg = Debug|Any CPU
		{884FE165-1305-45C5-B79E-619133EF2191}.Debug|iPhone.Build.0 = Debug|Any CPU
		{26C43582-9D55-409A-ACBD-10B4AE0239EB}.Debug|Any CPU.ActiveCfg = Debug|Any CPU
		{26C43582-9D55-409A-ACBD-10B4AE0239EB}.Debug|Any CPU.Build.0 = Debug|Any CPU
		{26C43582-9D55-409A-ACBD-10B4AE0239EB}.Release|Any CPU.ActiveCfg = Release|Any CPU
		{26C43582-9D55-409A-ACBD-10B4AE0239EB}.Release|Any CPU.Build.0 = Release|Any CPU
		{26C43582-9D55-409A-ACBD-10B4AE0239EB}.Debug|iPhoneSimulator.ActiveCfg = Debug|Any CPU
		{26C43582-9D55-409A-ACBD-10B4AE0239EB}.Debug|iPhoneSimulator.Build.0 = Debug|Any CPU
		{26C43582-9D55-409A-ACBD-10B4AE0239EB}.Release|iPhone.ActiveCfg = Release|Any CPU
		{26C43582-9D55-409A-ACBD-10B4AE0239EB}.Release|iPhone.Build.0 = Release|Any CPU
		{26C43582-9D55-409A-ACBD-10B4AE0239EB}.Release|iPhoneSimulator.ActiveCfg = Release|Any CPU
		{26C43582-9D55-409A-ACBD-10B4AE0239EB}.Release|iPhoneSimulator.Build.0 = Release|Any CPU
		{26C43582-9D55-409A-ACBD-10B4AE0239EB}.Debug|iPhone.ActiveCfg = Debug|Any CPU
		{26C43582-9D55-409A-ACBD-10B4AE0239EB}.Debug|iPhone.Build.0 = Debug|Any CPU
		{8CB3594A-DF1A-4E2C-933E-7C8A991CD7CA}.Debug|Any CPU.ActiveCfg = Debug|iPhoneSimulator
		{8CB3594A-DF1A-4E2C-933E-7C8A991CD7CA}.Debug|Any CPU.Build.0 = Debug|iPhoneSimulator
		{8CB3594A-DF1A-4E2C-933E-7C8A991CD7CA}.Release|Any CPU.ActiveCfg = Release|iPhone
		{8CB3594A-DF1A-4E2C-933E-7C8A991CD7CA}.Release|Any CPU.Build.0 = Release|iPhone
		{8CB3594A-DF1A-4E2C-933E-7C8A991CD7CA}.Debug|iPhoneSimulator.ActiveCfg = Debug|iPhoneSimulator
		{8CB3594A-DF1A-4E2C-933E-7C8A991CD7CA}.Debug|iPhoneSimulator.Build.0 = Debug|iPhoneSimulator
		{8CB3594A-DF1A-4E2C-933E-7C8A991CD7CA}.Release|iPhone.ActiveCfg = Release|iPhone
		{8CB3594A-DF1A-4E2C-933E-7C8A991CD7CA}.Release|iPhone.Build.0 = Release|iPhone
		{8CB3594A-DF1A-4E2C-933E-7C8A991CD7CA}.Release|iPhoneSimulator.ActiveCfg = Release|iPhoneSimulator
		{8CB3594A-DF1A-4E2C-933E-7C8A991CD7CA}.Release|iPhoneSimulator.Build.0 = Release|iPhoneSimulator
		{8CB3594A-DF1A-4E2C-933E-7C8A991CD7CA}.Debug|iPhone.ActiveCfg = Debug|iPhone
		{8CB3594A-DF1A-4E2C-933E-7C8A991CD7CA}.Debug|iPhone.Build.0 = Debug|iPhone
	EndGlobalSection
	GlobalSection(SolutionProperties) = preSolution
		HideSolutionNode = FALSE
	EndGlobalSection
	GlobalSection(ExtensibilityGlobals) = postSolution
		SolutionGuid = {87C3B347-AFD6-48EC-B213-C70502EB4C4A}
	EndGlobalSection
EndGlobal
