
Microsoft Visual Studio Solution File, Format Version 12.00
# Visual Studio 15
VisualStudioVersion = 15.0.27004.2008
MinimumVisualStudioVersion = 10.0.40219.1
Project("{FAE04EC0-301F-11D3-BF4B-00C04F79EFBC}") = "ClientTest.Android", "ClientTest.Android\ClientTest.Android.csproj", "{C5F9B236-3EAC-41D5-A6AA-1BD5EC4400E5}"
EndProject
Project("{9A19103F-16F7-4668-BE54-9A1E7A4F7556}") = "ClientTest.Tests", "ClientTest.Tests\ClientTest.Tests.csproj", "{99F2B15F-3D3E-4AAC-8533-C234DBCADA75}"
EndProject
Project("{9A19103F-16F7-4668-BE54-9A1E7A4F7556}") = "Tests", "Tests\Tests.csproj", "{884FE165-1305-45C5-B79E-619133EF2191}"
EndProject
Project("{9A19103F-16F7-4668-BE54-9A1E7A4F7556}") = "Tests.Server", "Tests.Server\Tests.Server.csproj", "{26C43582-9D55-409A-ACBD-10B4AE0239EB}"
EndProject
Project("{FAE04EC0-301F-11D3-BF4B-00C04F79EFBC}") = "ClientTest.iOS", "ClientTest.iOS\ClientTest.iOS.csproj", "{8CB3594A-DF1A-4E2C-933E-7C8A991CD7CA}"
EndProject
Project("{FAE04EC0-301F-11D3-BF4B-00C04F79EFBC}") = "ClientTest.UWP", "ClientTest.UWP\ClientTest.UWP.csproj", "{CD849D95-94FE-4A17-A4AA-9E6E7A399014}"
EndProject
Global
	GlobalSection(SolutionConfigurationPlatforms) = preSolution
		Debug|Any CPU = Debug|Any CPU
		Debug|ARM = Debug|ARM
		Debug|iPhone = Debug|iPhone
		Debug|iPhoneSimulator = Debug|iPhoneSimulator
		Debug|x64 = Debug|x64
		Debug|x86 = Debug|x86
		Release|Any CPU = Release|Any CPU
		Release|ARM = Release|ARM
		Release|iPhone = Release|iPhone
		Release|iPhoneSimulator = Release|iPhoneSimulator
		Release|x64 = Release|x64
		Release|x86 = Release|x86
	EndGlobalSection
	GlobalSection(ProjectConfigurationPlatforms) = postSolution
		{C5F9B236-3EAC-41D5-A6AA-1BD5EC4400E5}.Debug|Any CPU.ActiveCfg = Debug|Any CPU
		{C5F9B236-3EAC-41D5-A6AA-1BD5EC4400E5}.Debug|Any CPU.Build.0 = Debug|Any CPU
		{C5F9B236-3EAC-41D5-A6AA-1BD5EC4400E5}.Debug|Any CPU.Deploy.0 = Debug|Any CPU
		{C5F9B236-3EAC-41D5-A6AA-1BD5EC4400E5}.Debug|ARM.ActiveCfg = Debug|Any CPU
		{C5F9B236-3EAC-41D5-A6AA-1BD5EC4400E5}.Debug|ARM.Build.0 = Debug|Any CPU
		{C5F9B236-3EAC-41D5-A6AA-1BD5EC4400E5}.Debug|ARM.Deploy.0 = Debug|Any CPU
		{C5F9B236-3EAC-41D5-A6AA-1BD5EC4400E5}.Debug|iPhone.ActiveCfg = Debug|Any CPU
		{C5F9B236-3EAC-41D5-A6AA-1BD5EC4400E5}.Debug|iPhone.Build.0 = Debug|Any CPU
		{C5F9B236-3EAC-41D5-A6AA-1BD5EC4400E5}.Debug|iPhoneSimulator.ActiveCfg = Debug|Any CPU
		{C5F9B236-3EAC-41D5-A6AA-1BD5EC4400E5}.Debug|iPhoneSimulator.Build.0 = Debug|Any CPU
		{C5F9B236-3EAC-41D5-A6AA-1BD5EC4400E5}.Debug|x64.ActiveCfg = Debug|Any CPU
		{C5F9B236-3EAC-41D5-A6AA-1BD5EC4400E5}.Debug|x64.Build.0 = Debug|Any CPU
		{C5F9B236-3EAC-41D5-A6AA-1BD5EC4400E5}.Debug|x64.Deploy.0 = Debug|Any CPU
		{C5F9B236-3EAC-41D5-A6AA-1BD5EC4400E5}.Debug|x86.ActiveCfg = Debug|Any CPU
		{C5F9B236-3EAC-41D5-A6AA-1BD5EC4400E5}.Debug|x86.Build.0 = Debug|Any CPU
		{C5F9B236-3EAC-41D5-A6AA-1BD5EC4400E5}.Debug|x86.Deploy.0 = Debug|Any CPU
		{C5F9B236-3EAC-41D5-A6AA-1BD5EC4400E5}.Release|Any CPU.ActiveCfg = Release|Any CPU
		{C5F9B236-3EAC-41D5-A6AA-1BD5EC4400E5}.Release|Any CPU.Build.0 = Release|Any CPU
		{C5F9B236-3EAC-41D5-A6AA-1BD5EC4400E5}.Release|Any CPU.Deploy.0 = Release|Any CPU
		{C5F9B236-3EAC-41D5-A6AA-1BD5EC4400E5}.Release|ARM.ActiveCfg = Release|Any CPU
		{C5F9B236-3EAC-41D5-A6AA-1BD5EC4400E5}.Release|ARM.Build.0 = Release|Any CPU
		{C5F9B236-3EAC-41D5-A6AA-1BD5EC4400E5}.Release|ARM.Deploy.0 = Release|Any CPU
		{C5F9B236-3EAC-41D5-A6AA-1BD5EC4400E5}.Release|iPhone.ActiveCfg = Release|Any CPU
		{C5F9B236-3EAC-41D5-A6AA-1BD5EC4400E5}.Release|iPhone.Build.0 = Release|Any CPU
		{C5F9B236-3EAC-41D5-A6AA-1BD5EC4400E5}.Release|iPhoneSimulator.ActiveCfg = Release|Any CPU
		{C5F9B236-3EAC-41D5-A6AA-1BD5EC4400E5}.Release|iPhoneSimulator.Build.0 = Release|Any CPU
		{C5F9B236-3EAC-41D5-A6AA-1BD5EC4400E5}.Release|x64.ActiveCfg = Release|Any CPU
		{C5F9B236-3EAC-41D5-A6AA-1BD5EC4400E5}.Release|x64.Build.0 = Release|Any CPU
		{C5F9B236-3EAC-41D5-A6AA-1BD5EC4400E5}.Release|x64.Deploy.0 = Release|Any CPU
		{C5F9B236-3EAC-41D5-A6AA-1BD5EC4400E5}.Release|x86.ActiveCfg = Release|Any CPU
		{C5F9B236-3EAC-41D5-A6AA-1BD5EC4400E5}.Release|x86.Build.0 = Release|Any CPU
		{C5F9B236-3EAC-41D5-A6AA-1BD5EC4400E5}.Release|x86.Deploy.0 = Release|Any CPU
		{99F2B15F-3D3E-4AAC-8533-C234DBCADA75}.Debug|Any CPU.ActiveCfg = Debug|Any CPU
		{99F2B15F-3D3E-4AAC-8533-C234DBCADA75}.Debug|Any CPU.Build.0 = Debug|Any CPU
		{99F2B15F-3D3E-4AAC-8533-C234DBCADA75}.Debug|ARM.ActiveCfg = Debug|Any CPU
		{99F2B15F-3D3E-4AAC-8533-C234DBCADA75}.Debug|ARM.Build.0 = Debug|Any CPU
		{99F2B15F-3D3E-4AAC-8533-C234DBCADA75}.Debug|iPhone.ActiveCfg = Debug|Any CPU
		{99F2B15F-3D3E-4AAC-8533-C234DBCADA75}.Debug|iPhone.Build.0 = Debug|Any CPU
		{99F2B15F-3D3E-4AAC-8533-C234DBCADA75}.Debug|iPhoneSimulator.ActiveCfg = Debug|Any CPU
		{99F2B15F-3D3E-4AAC-8533-C234DBCADA75}.Debug|iPhoneSimulator.Build.0 = Debug|Any CPU
		{99F2B15F-3D3E-4AAC-8533-C234DBCADA75}.Debug|x64.ActiveCfg = Debug|Any CPU
		{99F2B15F-3D3E-4AAC-8533-C234DBCADA75}.Debug|x64.Build.0 = Debug|Any CPU
		{99F2B15F-3D3E-4AAC-8533-C234DBCADA75}.Debug|x86.ActiveCfg = Debug|Any CPU
		{99F2B15F-3D3E-4AAC-8533-C234DBCADA75}.Debug|x86.Build.0 = Debug|Any CPU
		{99F2B15F-3D3E-4AAC-8533-C234DBCADA75}.Release|Any CPU.ActiveCfg = Release|Any CPU
		{99F2B15F-3D3E-4AAC-8533-C234DBCADA75}.Release|Any CPU.Build.0 = Release|Any CPU
		{99F2B15F-3D3E-4AAC-8533-C234DBCADA75}.Release|ARM.ActiveCfg = Release|Any CPU
		{99F2B15F-3D3E-4AAC-8533-C234DBCADA75}.Release|ARM.Build.0 = Release|Any CPU
		{99F2B15F-3D3E-4AAC-8533-C234DBCADA75}.Release|iPhone.ActiveCfg = Release|Any CPU
		{99F2B15F-3D3E-4AAC-8533-C234DBCADA75}.Release|iPhone.Build.0 = Release|Any CPU
		{99F2B15F-3D3E-4AAC-8533-C234DBCADA75}.Release|iPhoneSimulator.ActiveCfg = Release|Any CPU
		{99F2B15F-3D3E-4AAC-8533-C234DBCADA75}.Release|iPhoneSimulator.Build.0 = Release|Any CPU
		{99F2B15F-3D3E-4AAC-8533-C234DBCADA75}.Release|x64.ActiveCfg = Release|Any CPU
		{99F2B15F-3D3E-4AAC-8533-C234DBCADA75}.Release|x64.Build.0 = Release|Any CPU
		{99F2B15F-3D3E-4AAC-8533-C234DBCADA75}.Release|x86.ActiveCfg = Release|Any CPU
		{99F2B15F-3D3E-4AAC-8533-C234DBCADA75}.Release|x86.Build.0 = Release|Any CPU
		{884FE165-1305-45C5-B79E-619133EF2191}.Debug|Any CPU.ActiveCfg = Debug|Any CPU
		{884FE165-1305-45C5-B79E-619133EF2191}.Debug|Any CPU.Build.0 = Debug|Any CPU
		{884FE165-1305-45C5-B79E-619133EF2191}.Debug|ARM.ActiveCfg = Debug|Any CPU
		{884FE165-1305-45C5-B79E-619133EF2191}.Debug|ARM.Build.0 = Debug|Any CPU
		{884FE165-1305-45C5-B79E-619133EF2191}.Debug|iPhone.ActiveCfg = Debug|Any CPU
		{884FE165-1305-45C5-B79E-619133EF2191}.Debug|iPhone.Build.0 = Debug|Any CPU
		{884FE165-1305-45C5-B79E-619133EF2191}.Debug|iPhoneSimulator.ActiveCfg = Debug|Any CPU
		{884FE165-1305-45C5-B79E-619133EF2191}.Debug|iPhoneSimulator.Build.0 = Debug|Any CPU
		{884FE165-1305-45C5-B79E-619133EF2191}.Debug|x64.ActiveCfg = Debug|Any CPU
		{884FE165-1305-45C5-B79E-619133EF2191}.Debug|x64.Build.0 = Debug|Any CPU
		{884FE165-1305-45C5-B79E-619133EF2191}.Debug|x86.ActiveCfg = Debug|Any CPU
		{884FE165-1305-45C5-B79E-619133EF2191}.Debug|x86.Build.0 = Debug|Any CPU
		{884FE165-1305-45C5-B79E-619133EF2191}.Release|Any CPU.ActiveCfg = Release|Any CPU
		{884FE165-1305-45C5-B79E-619133EF2191}.Release|Any CPU.Build.0 = Release|Any CPU
		{884FE165-1305-45C5-B79E-619133EF2191}.Release|ARM.ActiveCfg = Release|Any CPU
		{884FE165-1305-45C5-B79E-619133EF2191}.Release|ARM.Build.0 = Release|Any CPU
		{884FE165-1305-45C5-B79E-619133EF2191}.Release|iPhone.ActiveCfg = Release|Any CPU
		{884FE165-1305-45C5-B79E-619133EF2191}.Release|iPhone.Build.0 = Release|Any CPU
		{884FE165-1305-45C5-B79E-619133EF2191}.Release|iPhoneSimulator.ActiveCfg = Release|Any CPU
		{884FE165-1305-45C5-B79E-619133EF2191}.Release|iPhoneSimulator.Build.0 = Release|Any CPU
		{884FE165-1305-45C5-B79E-619133EF2191}.Release|x64.ActiveCfg = Release|Any CPU
		{884FE165-1305-45C5-B79E-619133EF2191}.Release|x64.Build.0 = Release|Any CPU
		{884FE165-1305-45C5-B79E-619133EF2191}.Release|x86.ActiveCfg = Release|Any CPU
		{884FE165-1305-45C5-B79E-619133EF2191}.Release|x86.Build.0 = Release|Any CPU
		{26C43582-9D55-409A-ACBD-10B4AE0239EB}.Debug|Any CPU.ActiveCfg = Debug|Any CPU
		{26C43582-9D55-409A-ACBD-10B4AE0239EB}.Debug|Any CPU.Build.0 = Debug|Any CPU
		{26C43582-9D55-409A-ACBD-10B4AE0239EB}.Debug|ARM.ActiveCfg = Debug|Any CPU
		{26C43582-9D55-409A-ACBD-10B4AE0239EB}.Debug|ARM.Build.0 = Debug|Any CPU
		{26C43582-9D55-409A-ACBD-10B4AE0239EB}.Debug|iPhone.ActiveCfg = Debug|Any CPU
		{26C43582-9D55-409A-ACBD-10B4AE0239EB}.Debug|iPhone.Build.0 = Debug|Any CPU
		{26C43582-9D55-409A-ACBD-10B4AE0239EB}.Debug|iPhoneSimulator.ActiveCfg = Debug|Any CPU
		{26C43582-9D55-409A-ACBD-10B4AE0239EB}.Debug|iPhoneSimulator.Build.0 = Debug|Any CPU
		{26C43582-9D55-409A-ACBD-10B4AE0239EB}.Debug|x64.ActiveCfg = Debug|Any CPU
		{26C43582-9D55-409A-ACBD-10B4AE0239EB}.Debug|x64.Build.0 = Debug|Any CPU
		{26C43582-9D55-409A-ACBD-10B4AE0239EB}.Debug|x86.ActiveCfg = Debug|Any CPU
		{26C43582-9D55-409A-ACBD-10B4AE0239EB}.Debug|x86.Build.0 = Debug|Any CPU
		{26C43582-9D55-409A-ACBD-10B4AE0239EB}.Release|Any CPU.ActiveCfg = Release|Any CPU
		{26C43582-9D55-409A-ACBD-10B4AE0239EB}.Release|Any CPU.Build.0 = Release|Any CPU
		{26C43582-9D55-409A-ACBD-10B4AE0239EB}.Release|ARM.ActiveCfg = Release|Any CPU
		{26C43582-9D55-409A-ACBD-10B4AE0239EB}.Release|ARM.Build.0 = Release|Any CPU
		{26C43582-9D55-409A-ACBD-10B4AE0239EB}.Release|iPhone.ActiveCfg = Release|Any CPU
		{26C43582-9D55-409A-ACBD-10B4AE0239EB}.Release|iPhone.Build.0 = Release|Any CPU
		{26C43582-9D55-409A-ACBD-10B4AE0239EB}.Release|iPhoneSimulator.ActiveCfg = Release|Any CPU
		{26C43582-9D55-409A-ACBD-10B4AE0239EB}.Release|iPhoneSimulator.Build.0 = Release|Any CPU
		{26C43582-9D55-409A-ACBD-10B4AE0239EB}.Release|x64.ActiveCfg = Release|Any CPU
		{26C43582-9D55-409A-ACBD-10B4AE0239EB}.Release|x64.Build.0 = Release|Any CPU
		{26C43582-9D55-409A-ACBD-10B4AE0239EB}.Release|x86.ActiveCfg = Release|Any CPU
		{26C43582-9D55-409A-ACBD-10B4AE0239EB}.Release|x86.Build.0 = Release|Any CPU
		{8CB3594A-DF1A-4E2C-933E-7C8A991CD7CA}.Debug|Any CPU.ActiveCfg = Debug|iPhoneSimulator
		{8CB3594A-DF1A-4E2C-933E-7C8A991CD7CA}.Debug|Any CPU.Build.0 = Debug|iPhoneSimulator
		{8CB3594A-DF1A-4E2C-933E-7C8A991CD7CA}.Debug|ARM.ActiveCfg = Debug|iPhone
		{8CB3594A-DF1A-4E2C-933E-7C8A991CD7CA}.Debug|iPhone.ActiveCfg = Debug|iPhone
		{8CB3594A-DF1A-4E2C-933E-7C8A991CD7CA}.Debug|iPhone.Build.0 = Debug|iPhone
		{8CB3594A-DF1A-4E2C-933E-7C8A991CD7CA}.Debug|iPhoneSimulator.ActiveCfg = Debug|iPhoneSimulator
		{8CB3594A-DF1A-4E2C-933E-7C8A991CD7CA}.Debug|iPhoneSimulator.Build.0 = Debug|iPhoneSimulator
		{8CB3594A-DF1A-4E2C-933E-7C8A991CD7CA}.Debug|x64.ActiveCfg = Debug|iPhone
		{8CB3594A-DF1A-4E2C-933E-7C8A991CD7CA}.Debug|x86.ActiveCfg = Debug|iPhone
		{8CB3594A-DF1A-4E2C-933E-7C8A991CD7CA}.Release|Any CPU.ActiveCfg = Release|iPhone
		{8CB3594A-DF1A-4E2C-933E-7C8A991CD7CA}.Release|Any CPU.Build.0 = Release|iPhone
		{8CB3594A-DF1A-4E2C-933E-7C8A991CD7CA}.Release|ARM.ActiveCfg = Release|iPhoneSimulator
		{8CB3594A-DF1A-4E2C-933E-7C8A991CD7CA}.Release|iPhone.ActiveCfg = Release|iPhone
		{8CB3594A-DF1A-4E2C-933E-7C8A991CD7CA}.Release|iPhone.Build.0 = Release|iPhone
		{8CB3594A-DF1A-4E2C-933E-7C8A991CD7CA}.Release|iPhoneSimulator.ActiveCfg = Release|iPhoneSimulator
		{8CB3594A-DF1A-4E2C-933E-7C8A991CD7CA}.Release|iPhoneSimulator.Build.0 = Release|iPhoneSimulator
		{8CB3594A-DF1A-4E2C-933E-7C8A991CD7CA}.Release|x64.ActiveCfg = Release|iPhoneSimulator
		{8CB3594A-DF1A-4E2C-933E-7C8A991CD7CA}.Release|x86.ActiveCfg = Release|iPhoneSimulator
		{CD849D95-94FE-4A17-A4AA-9E6E7A399014}.Debug|Any CPU.ActiveCfg = Debug|x86
		{CD849D95-94FE-4A17-A4AA-9E6E7A399014}.Debug|ARM.ActiveCfg = Debug|ARM
		{CD849D95-94FE-4A17-A4AA-9E6E7A399014}.Debug|ARM.Build.0 = Debug|ARM
		{CD849D95-94FE-4A17-A4AA-9E6E7A399014}.Debug|ARM.Deploy.0 = Debug|ARM
		{CD849D95-94FE-4A17-A4AA-9E6E7A399014}.Debug|iPhone.ActiveCfg = Debug|x86
		{CD849D95-94FE-4A17-A4AA-9E6E7A399014}.Debug|iPhoneSimulator.ActiveCfg = Debug|x86
		{CD849D95-94FE-4A17-A4AA-9E6E7A399014}.Debug|x64.ActiveCfg = Debug|x64
		{CD849D95-94FE-4A17-A4AA-9E6E7A399014}.Debug|x64.Build.0 = Debug|x64
		{CD849D95-94FE-4A17-A4AA-9E6E7A399014}.Debug|x64.Deploy.0 = Debug|x64
		{CD849D95-94FE-4A17-A4AA-9E6E7A399014}.Debug|x86.ActiveCfg = Debug|x86
		{CD849D95-94FE-4A17-A4AA-9E6E7A399014}.Debug|x86.Build.0 = Debug|x86
		{CD849D95-94FE-4A17-A4AA-9E6E7A399014}.Debug|x86.Deploy.0 = Debug|x86
		{CD849D95-94FE-4A17-A4AA-9E6E7A399014}.Release|Any CPU.ActiveCfg = Release|x86
		{CD849D95-94FE-4A17-A4AA-9E6E7A399014}.Release|ARM.ActiveCfg = Release|ARM
		{CD849D95-94FE-4A17-A4AA-9E6E7A399014}.Release|ARM.Build.0 = Release|ARM
		{CD849D95-94FE-4A17-A4AA-9E6E7A399014}.Release|ARM.Deploy.0 = Release|ARM
		{CD849D95-94FE-4A17-A4AA-9E6E7A399014}.Release|iPhone.ActiveCfg = Release|x86
		{CD849D95-94FE-4A17-A4AA-9E6E7A399014}.Release|iPhoneSimulator.ActiveCfg = Release|x86
		{CD849D95-94FE-4A17-A4AA-9E6E7A399014}.Release|x64.ActiveCfg = Release|x64
		{CD849D95-94FE-4A17-A4AA-9E6E7A399014}.Release|x64.Build.0 = Release|x64
		{CD849D95-94FE-4A17-A4AA-9E6E7A399014}.Release|x64.Deploy.0 = Release|x64
		{CD849D95-94FE-4A17-A4AA-9E6E7A399014}.Release|x86.ActiveCfg = Release|x86
		{CD849D95-94FE-4A17-A4AA-9E6E7A399014}.Release|x86.Build.0 = Release|x86
		{CD849D95-94FE-4A17-A4AA-9E6E7A399014}.Release|x86.Deploy.0 = Release|x86
	EndGlobalSection
	GlobalSection(SolutionProperties) = preSolution
		HideSolutionNode = FALSE
	EndGlobalSection
	GlobalSection(ExtensibilityGlobals) = postSolution
		SolutionGuid = {87C3B347-AFD6-48EC-B213-C70502EB4C4A}
	EndGlobalSection
EndGlobal
